// !$*UTF8*$!
{
	archiveVersion = 1;
	classes = {
	};
	objectVersion = 56;
	objects = {

/* Begin PBXBuildFile section */
		6C64ED0E2C99688C00A0D0ED /* SignUpViewController.swift in Sources */ = {isa = PBXBuildFile; fileRef = 6C64ED0D2C99688C00A0D0ED /* SignUpViewController.swift */; };
		6C64ED122C9972EE00A0D0ED /* GoogleService-Info.plist in Resources */ = {isa = PBXBuildFile; fileRef = 6C64ED112C9972EE00A0D0ED /* GoogleService-Info.plist */; };
		6CBA0B0F2C9C0F080086F332 /* UIViewControllerExtension.swift in Sources */ = {isa = PBXBuildFile; fileRef = 6CBA0B0E2C9C0F080086F332 /* UIViewControllerExtension.swift */; };
		6CBA0B112C9C0F2B0086F332 /* UIViewExtension.swift in Sources */ = {isa = PBXBuildFile; fileRef = 6CBA0B102C9C0F2B0086F332 /* UIViewExtension.swift */; };
		6CBA0B132C9C0F450086F332 /* UIImageViewExtension.swift in Sources */ = {isa = PBXBuildFile; fileRef = 6CBA0B122C9C0F450086F332 /* UIImageViewExtension.swift */; };
		6CBA0B152C9C2A6D0086F332 /* ProfileViewController.swift in Sources */ = {isa = PBXBuildFile; fileRef = 6CBA0B142C9C2A6D0086F332 /* ProfileViewController.swift */; };
		6CBA0B182C9C2B710086F332 /* User.swift in Sources */ = {isa = PBXBuildFile; fileRef = 6CBA0B172C9C2B710086F332 /* User.swift */; };
		6CBE23352C9AD321004A5CA9 /* RootViewController.swift in Sources */ = {isa = PBXBuildFile; fileRef = 6CBE23342C9AD321004A5CA9 /* RootViewController.swift */; };
		6CBE233A2C9ADACE004A5CA9 /* Main.storyboard in Resources */ = {isa = PBXBuildFile; fileRef = 6CC3E5952C942AC60059A043 /* Main.storyboard */; };
		6CBE233F2C9ADBE1004A5CA9 /* Home.storyboard in Resources */ = {isa = PBXBuildFile; fileRef = 6CBE233E2C9ADBE1004A5CA9 /* Home.storyboard */; };
		6CC3E5902C942AC60059A043 /* AppDelegate.swift in Sources */ = {isa = PBXBuildFile; fileRef = 6CC3E58F2C942AC60059A043 /* AppDelegate.swift */; };
		6CC3E5922C942AC60059A043 /* SceneDelegate.swift in Sources */ = {isa = PBXBuildFile; fileRef = 6CC3E5912C942AC60059A043 /* SceneDelegate.swift */; };
		6CC3E5942C942AC60059A043 /* LoginViewController.swift in Sources */ = {isa = PBXBuildFile; fileRef = 6CC3E5932C942AC60059A043 /* LoginViewController.swift */; };
		6CC3E5972C942AC60059A043 /* Base in Resources */ = {isa = PBXBuildFile; fileRef = 6CC3E5962C942AC60059A043 /* Base */; };
		6CC3E5992C942AC70059A043 /* Assets.xcassets in Resources */ = {isa = PBXBuildFile; fileRef = 6CC3E5982C942AC70059A043 /* Assets.xcassets */; };
		6CC3E59C2C942AC70059A043 /* Base in Resources */ = {isa = PBXBuildFile; fileRef = 6CC3E59B2C942AC70059A043 /* Base */; };
		88EB18EDAEFAC8BB0C50DC3B /* Pods_Me_Pones.framework in Frameworks */ = {isa = PBXBuildFile; fileRef = 002264291B835B4909BDBC5E /* Pods_Me_Pones.framework */; };
/* End PBXBuildFile section */

/* Begin PBXFileReference section */
		002264291B835B4909BDBC5E /* Pods_Me_Pones.framework */ = {isa = PBXFileReference; explicitFileType = wrapper.framework; includeInIndex = 0; path = Pods_Me_Pones.framework; sourceTree = BUILT_PRODUCTS_DIR; };
		0E3292E6E00CE193EB643105 /* Pods-Me Pones.debug.xcconfig */ = {isa = PBXFileReference; includeInIndex = 1; lastKnownFileType = text.xcconfig; name = "Pods-Me Pones.debug.xcconfig"; path = "Target Support Files/Pods-Me Pones/Pods-Me Pones.debug.xcconfig"; sourceTree = "<group>"; };
		6C64ED0D2C99688C00A0D0ED /* SignUpViewController.swift */ = {isa = PBXFileReference; lastKnownFileType = sourcecode.swift; path = SignUpViewController.swift; sourceTree = "<group>"; };
		6C64ED112C9972EE00A0D0ED /* GoogleService-Info.plist */ = {isa = PBXFileReference; fileEncoding = 4; lastKnownFileType = text.plist.xml; path = "GoogleService-Info.plist"; sourceTree = "<group>"; };
		6CBA0B0E2C9C0F080086F332 /* UIViewControllerExtension.swift */ = {isa = PBXFileReference; lastKnownFileType = sourcecode.swift; path = UIViewControllerExtension.swift; sourceTree = "<group>"; };
		6CBA0B102C9C0F2B0086F332 /* UIViewExtension.swift */ = {isa = PBXFileReference; lastKnownFileType = sourcecode.swift; path = UIViewExtension.swift; sourceTree = "<group>"; };
		6CBA0B122C9C0F450086F332 /* UIImageViewExtension.swift */ = {isa = PBXFileReference; lastKnownFileType = sourcecode.swift; path = UIImageViewExtension.swift; sourceTree = "<group>"; };
		6CBA0B142C9C2A6D0086F332 /* ProfileViewController.swift */ = {isa = PBXFileReference; lastKnownFileType = sourcecode.swift; path = ProfileViewController.swift; sourceTree = "<group>"; };
		6CBA0B172C9C2B710086F332 /* User.swift */ = {isa = PBXFileReference; lastKnownFileType = sourcecode.swift; path = User.swift; sourceTree = "<group>"; };
		6CBE23342C9AD321004A5CA9 /* RootViewController.swift */ = {isa = PBXFileReference; lastKnownFileType = sourcecode.swift; path = RootViewController.swift; sourceTree = "<group>"; };
		6CBE233E2C9ADBE1004A5CA9 /* Home.storyboard */ = {isa = PBXFileReference; lastKnownFileType = file.storyboard; path = Home.storyboard; sourceTree = "<group>"; };
		6CC3E58C2C942AC60059A043 /* Me Pones.app */ = {isa = PBXFileReference; explicitFileType = wrapper.application; includeInIndex = 0; path = "Me Pones.app"; sourceTree = BUILT_PRODUCTS_DIR; };
		6CC3E58F2C942AC60059A043 /* AppDelegate.swift */ = {isa = PBXFileReference; lastKnownFileType = sourcecode.swift; path = AppDelegate.swift; sourceTree = "<group>"; };
		6CC3E5912C942AC60059A043 /* SceneDelegate.swift */ = {isa = PBXFileReference; lastKnownFileType = sourcecode.swift; path = SceneDelegate.swift; sourceTree = "<group>"; };
		6CC3E5932C942AC60059A043 /* LoginViewController.swift */ = {isa = PBXFileReference; lastKnownFileType = sourcecode.swift; path = LoginViewController.swift; sourceTree = "<group>"; };
		6CC3E5962C942AC60059A043 /* Base */ = {isa = PBXFileReference; lastKnownFileType = file.storyboard; name = Base; path = Base.lproj/Main.storyboard; sourceTree = "<group>"; };
		6CC3E5982C942AC70059A043 /* Assets.xcassets */ = {isa = PBXFileReference; lastKnownFileType = folder.assetcatalog; path = Assets.xcassets; sourceTree = "<group>"; };
		6CC3E59B2C942AC70059A043 /* Base */ = {isa = PBXFileReference; lastKnownFileType = file.storyboard; name = Base; path = Base.lproj/LaunchScreen.storyboard; sourceTree = "<group>"; };
		6CC3E59D2C942AC70059A043 /* Info.plist */ = {isa = PBXFileReference; lastKnownFileType = text.plist.xml; path = Info.plist; sourceTree = "<group>"; };
		C9BA2DB18A44D112D4B0A883 /* Pods-Me Pones.release.xcconfig */ = {isa = PBXFileReference; includeInIndex = 1; lastKnownFileType = text.xcconfig; name = "Pods-Me Pones.release.xcconfig"; path = "Target Support Files/Pods-Me Pones/Pods-Me Pones.release.xcconfig"; sourceTree = "<group>"; };
/* End PBXFileReference section */

/* Begin PBXFrameworksBuildPhase section */
		6CC3E5892C942AC60059A043 /* Frameworks */ = {
			isa = PBXFrameworksBuildPhase;
			buildActionMask = 2147483647;
			files = (
				88EB18EDAEFAC8BB0C50DC3B /* Pods_Me_Pones.framework in Frameworks */,
			);
			runOnlyForDeploymentPostprocessing = 0;
		};
/* End PBXFrameworksBuildPhase section */

/* Begin PBXGroup section */
		6CBA0B0D2C9C0EDC0086F332 /* Utils */ = {
			isa = PBXGroup;
			children = (
				6CBA0B0E2C9C0F080086F332 /* UIViewControllerExtension.swift */,
				6CBA0B102C9C0F2B0086F332 /* UIViewExtension.swift */,
				6CBA0B122C9C0F450086F332 /* UIImageViewExtension.swift */,
			);
			path = Utils;
			sourceTree = "<group>";
		};
		6CBA0B162C9C2B630086F332 /* Data */ = {
			isa = PBXGroup;
			children = (
				6CBA0B172C9C2B710086F332 /* User.swift */,
			);
			path = Data;
			sourceTree = "<group>";
		};
		6CBE23332C9AD2E3004A5CA9 /* ViewControllers */ = {
			isa = PBXGroup;
			children = (
				6CC3E5932C942AC60059A043 /* LoginViewController.swift */,
				6C64ED0D2C99688C00A0D0ED /* SignUpViewController.swift */,
				6CBE23342C9AD321004A5CA9 /* RootViewController.swift */,
				6CBA0B142C9C2A6D0086F332 /* ProfileViewController.swift */,
			);
			path = ViewControllers;
			sourceTree = "<group>";
		};
		6CBE23362C9AD8BC004A5CA9 /* Storyboards */ = {
			isa = PBXGroup;
			children = (
				6CC3E59A2C942AC70059A043 /* LaunchScreen.storyboard */,
				6CC3E5952C942AC60059A043 /* Main.storyboard */,
				6CBE233E2C9ADBE1004A5CA9 /* Home.storyboard */,
			);
			path = Storyboards;
			sourceTree = "<group>";
		};
		6CC3E5832C942AC60059A043 = {
			isa = PBXGroup;
			children = (
				6CC3E58E2C942AC60059A043 /* Me Pones */,
				6CC3E58D2C942AC60059A043 /* Products */,
				891B0E02DBE3127EB342BE71 /* Pods */,
				A84235C07E5D70A3EED49370 /* Frameworks */,
			);
			sourceTree = "<group>";
		};
		6CC3E58D2C942AC60059A043 /* Products */ = {
			isa = PBXGroup;
			children = (
				6CC3E58C2C942AC60059A043 /* Me Pones.app */,
			);
			name = Products;
			sourceTree = "<group>";
		};
		6CC3E58E2C942AC60059A043 /* Me Pones */ = {
			isa = PBXGroup;
			children = (
				6CBA0B162C9C2B630086F332 /* Data */,
				6CBE23362C9AD8BC004A5CA9 /* Storyboards */,
				6CBE23332C9AD2E3004A5CA9 /* ViewControllers */,
				6CBA0B0D2C9C0EDC0086F332 /* Utils */,
				6CC3E58F2C942AC60059A043 /* AppDelegate.swift */,
				6CC3E5912C942AC60059A043 /* SceneDelegate.swift */,
				6CC3E5982C942AC70059A043 /* Assets.xcassets */,
				6CC3E59D2C942AC70059A043 /* Info.plist */,
				6C64ED112C9972EE00A0D0ED /* GoogleService-Info.plist */,
			);
			path = "Me Pones";
			sourceTree = "<group>";
		};
		891B0E02DBE3127EB342BE71 /* Pods */ = {
			isa = PBXGroup;
			children = (
				0E3292E6E00CE193EB643105 /* Pods-Me Pones.debug.xcconfig */,
				C9BA2DB18A44D112D4B0A883 /* Pods-Me Pones.release.xcconfig */,
			);
			path = Pods;
			sourceTree = "<group>";
		};
		A84235C07E5D70A3EED49370 /* Frameworks */ = {
			isa = PBXGroup;
			children = (
				002264291B835B4909BDBC5E /* Pods_Me_Pones.framework */,
			);
			name = Frameworks;
			sourceTree = "<group>";
		};
/* End PBXGroup section */

/* Begin PBXNativeTarget section */
		6CC3E58B2C942AC60059A043 /* Me Pones */ = {
			isa = PBXNativeTarget;
			buildConfigurationList = 6CC3E5A02C942AC70059A043 /* Build configuration list for PBXNativeTarget "Me Pones" */;
			buildPhases = (
				59E03001CB16B03825ECB839 /* [CP] Check Pods Manifest.lock */,
				6CC3E5882C942AC60059A043 /* Sources */,
				6CC3E5892C942AC60059A043 /* Frameworks */,
				6CC3E58A2C942AC60059A043 /* Resources */,
				20847A2CEF8D9B9C96B61DA5 /* [CP] Embed Pods Frameworks */,
			);
			buildRules = (
			);
			dependencies = (
			);
			name = "Me Pones";
			productName = "Me Pones";
			productReference = 6CC3E58C2C942AC60059A043 /* Me Pones.app */;
			productType = "com.apple.product-type.application";
		};
/* End PBXNativeTarget section */

/* Begin PBXProject section */
		6CC3E5842C942AC60059A043 /* Project object */ = {
			isa = PBXProject;
			attributes = {
				BuildIndependentTargetsInParallel = 1;
				LastSwiftUpdateCheck = 1540;
				LastUpgradeCheck = 1540;
				TargetAttributes = {
					6CC3E58B2C942AC60059A043 = {
						CreatedOnToolsVersion = 15.4;
					};
				};
			};
			buildConfigurationList = 6CC3E5872C942AC60059A043 /* Build configuration list for PBXProject "Me Pones" */;
			compatibilityVersion = "Xcode 14.0";
			developmentRegion = en;
			hasScannedForEncodings = 0;
			knownRegions = (
				en,
				Base,
			);
			mainGroup = 6CC3E5832C942AC60059A043;
			productRefGroup = 6CC3E58D2C942AC60059A043 /* Products */;
			projectDirPath = "";
			projectRoot = "";
			targets = (
				6CC3E58B2C942AC60059A043 /* Me Pones */,
			);
		};
/* End PBXProject section */

/* Begin PBXResourcesBuildPhase section */
		6CC3E58A2C942AC60059A043 /* Resources */ = {
			isa = PBXResourcesBuildPhase;
			buildActionMask = 2147483647;
			files = (
				6CC3E5992C942AC70059A043 /* Assets.xcassets in Resources */,
				6C64ED122C9972EE00A0D0ED /* GoogleService-Info.plist in Resources */,
				6CBE233A2C9ADACE004A5CA9 /* Main.storyboard in Resources */,
				6CBE233F2C9ADBE1004A5CA9 /* Home.storyboard in Resources */,
				6CC3E59C2C942AC70059A043 /* Base in Resources */,
				6CC3E5972C942AC60059A043 /* Base in Resources */,
			);
			runOnlyForDeploymentPostprocessing = 0;
		};
/* End PBXResourcesBuildPhase section */

/* Begin PBXShellScriptBuildPhase section */
		20847A2CEF8D9B9C96B61DA5 /* [CP] Embed Pods Frameworks */ = {
			isa = PBXShellScriptBuildPhase;
			buildActionMask = 2147483647;
			files = (
			);
			inputFileListPaths = (
				"${PODS_ROOT}/Target Support Files/Pods-Me Pones/Pods-Me Pones-frameworks-${CONFIGURATION}-input-files.xcfilelist",
			);
			name = "[CP] Embed Pods Frameworks";
			outputFileListPaths = (
				"${PODS_ROOT}/Target Support Files/Pods-Me Pones/Pods-Me Pones-frameworks-${CONFIGURATION}-output-files.xcfilelist",
			);
			runOnlyForDeploymentPostprocessing = 0;
			shellPath = /bin/sh;
			shellScript = "\"${PODS_ROOT}/Target Support Files/Pods-Me Pones/Pods-Me Pones-frameworks.sh\"\n";
			showEnvVarsInLog = 0;
		};
		59E03001CB16B03825ECB839 /* [CP] Check Pods Manifest.lock */ = {
			isa = PBXShellScriptBuildPhase;
			buildActionMask = 2147483647;
			files = (
			);
			inputFileListPaths = (
			);
			inputPaths = (
				"${PODS_PODFILE_DIR_PATH}/Podfile.lock",
				"${PODS_ROOT}/Manifest.lock",
			);
			name = "[CP] Check Pods Manifest.lock";
			outputFileListPaths = (
			);
			outputPaths = (
				"$(DERIVED_FILE_DIR)/Pods-Me Pones-checkManifestLockResult.txt",
			);
			runOnlyForDeploymentPostprocessing = 0;
			shellPath = /bin/sh;
			shellScript = "diff \"${PODS_PODFILE_DIR_PATH}/Podfile.lock\" \"${PODS_ROOT}/Manifest.lock\" > /dev/null\nif [ $? != 0 ] ; then\n    # print error to STDERR\n    echo \"error: The sandbox is not in sync with the Podfile.lock. Run 'pod install' or update your CocoaPods installation.\" >&2\n    exit 1\nfi\n# This output is used by Xcode 'outputs' to avoid re-running this script phase.\necho \"SUCCESS\" > \"${SCRIPT_OUTPUT_FILE_0}\"\n";
			showEnvVarsInLog = 0;
		};
/* End PBXShellScriptBuildPhase section */

/* Begin PBXSourcesBuildPhase section */
		6CC3E5882C942AC60059A043 /* Sources */ = {
			isa = PBXSourcesBuildPhase;
			buildActionMask = 2147483647;
			files = (
				6CBE23352C9AD321004A5CA9 /* RootViewController.swift in Sources */,
				6CC3E5942C942AC60059A043 /* LoginViewController.swift in Sources */,
				6CBA0B0F2C9C0F080086F332 /* UIViewControllerExtension.swift in Sources */,
				6CC3E5902C942AC60059A043 /* AppDelegate.swift in Sources */,
				6CBA0B112C9C0F2B0086F332 /* UIViewExtension.swift in Sources */,
				6C64ED0E2C99688C00A0D0ED /* SignUpViewController.swift in Sources */,
				6CBA0B152C9C2A6D0086F332 /* ProfileViewController.swift in Sources */,
				6CBA0B132C9C0F450086F332 /* UIImageViewExtension.swift in Sources */,
				6CBA0B182C9C2B710086F332 /* User.swift in Sources */,
				6CC3E5922C942AC60059A043 /* SceneDelegate.swift in Sources */,
			);
			runOnlyForDeploymentPostprocessing = 0;
		};
/* End PBXSourcesBuildPhase section */

/* Begin PBXVariantGroup section */
		6CC3E5952C942AC60059A043 /* Main.storyboard */ = {
			isa = PBXVariantGroup;
			children = (
				6CC3E5962C942AC60059A043 /* Base */,
			);
			name = Main.storyboard;
			sourceTree = "<group>";
		};
		6CC3E59A2C942AC70059A043 /* LaunchScreen.storyboard */ = {
			isa = PBXVariantGroup;
			children = (
				6CC3E59B2C942AC70059A043 /* Base */,
			);
			name = LaunchScreen.storyboard;
			sourceTree = "<group>";
		};
/* End PBXVariantGroup section */

/* Begin XCBuildConfiguration section */
		6CC3E59E2C942AC70059A043 /* Debug */ = {
			isa = XCBuildConfiguration;
			buildSettings = {
				ALWAYS_SEARCH_USER_PATHS = NO;
				ASSETCATALOG_COMPILER_GENERATE_SWIFT_ASSET_SYMBOL_EXTENSIONS = YES;
				CLANG_ANALYZER_NONNULL = YES;
				CLANG_ANALYZER_NUMBER_OBJECT_CONVERSION = YES_AGGRESSIVE;
				CLANG_CXX_LANGUAGE_STANDARD = "gnu++20";
				CLANG_ENABLE_MODULES = YES;
				CLANG_ENABLE_OBJC_ARC = YES;
				CLANG_ENABLE_OBJC_WEAK = YES;
				CLANG_WARN_BLOCK_CAPTURE_AUTORELEASING = YES;
				CLANG_WARN_BOOL_CONVERSION = YES;
				CLANG_WARN_COMMA = YES;
				CLANG_WARN_CONSTANT_CONVERSION = YES;
				CLANG_WARN_DEPRECATED_OBJC_IMPLEMENTATIONS = YES;
				CLANG_WARN_DIRECT_OBJC_ISA_USAGE = YES_ERROR;
				CLANG_WARN_DOCUMENTATION_COMMENTS = YES;
				CLANG_WARN_EMPTY_BODY = YES;
				CLANG_WARN_ENUM_CONVERSION = YES;
				CLANG_WARN_INFINITE_RECURSION = YES;
				CLANG_WARN_INT_CONVERSION = YES;
				CLANG_WARN_NON_LITERAL_NULL_CONVERSION = YES;
				CLANG_WARN_OBJC_IMPLICIT_RETAIN_SELF = YES;
				CLANG_WARN_OBJC_LITERAL_CONVERSION = YES;
				CLANG_WARN_OBJC_ROOT_CLASS = YES_ERROR;
				CLANG_WARN_QUOTED_INCLUDE_IN_FRAMEWORK_HEADER = YES;
				CLANG_WARN_RANGE_LOOP_ANALYSIS = YES;
				CLANG_WARN_STRICT_PROTOTYPES = YES;
				CLANG_WARN_SUSPICIOUS_MOVE = YES;
				CLANG_WARN_UNGUARDED_AVAILABILITY = YES_AGGRESSIVE;
				CLANG_WARN_UNREACHABLE_CODE = YES;
				CLANG_WARN__DUPLICATE_METHOD_MATCH = YES;
				COPY_PHASE_STRIP = NO;
				DEBUG_INFORMATION_FORMAT = dwarf;
				ENABLE_STRICT_OBJC_MSGSEND = YES;
				ENABLE_TESTABILITY = YES;
				ENABLE_USER_SCRIPT_SANDBOXING = NO;
				GCC_C_LANGUAGE_STANDARD = gnu17;
				GCC_DYNAMIC_NO_PIC = NO;
				GCC_NO_COMMON_BLOCKS = YES;
				GCC_OPTIMIZATION_LEVEL = 0;
				GCC_PREPROCESSOR_DEFINITIONS = (
					"DEBUG=1",
					"$(inherited)",
				);
				GCC_WARN_64_TO_32_BIT_CONVERSION = YES;
				GCC_WARN_ABOUT_RETURN_TYPE = YES_ERROR;
				GCC_WARN_UNDECLARED_SELECTOR = YES;
				GCC_WARN_UNINITIALIZED_AUTOS = YES_AGGRESSIVE;
				GCC_WARN_UNUSED_FUNCTION = YES;
				GCC_WARN_UNUSED_VARIABLE = YES;
				IPHONEOS_DEPLOYMENT_TARGET = 17.4;
				LOCALIZATION_PREFERS_STRING_CATALOGS = YES;
				MTL_ENABLE_DEBUG_INFO = INCLUDE_SOURCE;
				MTL_FAST_MATH = YES;
				ONLY_ACTIVE_ARCH = YES;
				SDKROOT = iphoneos;
				SWIFT_ACTIVE_COMPILATION_CONDITIONS = "DEBUG $(inherited)";
				SWIFT_OPTIMIZATION_LEVEL = "-Onone";
			};
			name = Debug;
		};
		6CC3E59F2C942AC70059A043 /* Release */ = {
			isa = XCBuildConfiguration;
			buildSettings = {
				ALWAYS_SEARCH_USER_PATHS = NO;
				ASSETCATALOG_COMPILER_GENERATE_SWIFT_ASSET_SYMBOL_EXTENSIONS = YES;
				CLANG_ANALYZER_NONNULL = YES;
				CLANG_ANALYZER_NUMBER_OBJECT_CONVERSION = YES_AGGRESSIVE;
				CLANG_CXX_LANGUAGE_STANDARD = "gnu++20";
				CLANG_ENABLE_MODULES = YES;
				CLANG_ENABLE_OBJC_ARC = YES;
				CLANG_ENABLE_OBJC_WEAK = YES;
				CLANG_WARN_BLOCK_CAPTURE_AUTORELEASING = YES;
				CLANG_WARN_BOOL_CONVERSION = YES;
				CLANG_WARN_COMMA = YES;
				CLANG_WARN_CONSTANT_CONVERSION = YES;
				CLANG_WARN_DEPRECATED_OBJC_IMPLEMENTATIONS = YES;
				CLANG_WARN_DIRECT_OBJC_ISA_USAGE = YES_ERROR;
				CLANG_WARN_DOCUMENTATION_COMMENTS = YES;
				CLANG_WARN_EMPTY_BODY = YES;
				CLANG_WARN_ENUM_CONVERSION = YES;
				CLANG_WARN_INFINITE_RECURSION = YES;
				CLANG_WARN_INT_CONVERSION = YES;
				CLANG_WARN_NON_LITERAL_NULL_CONVERSION = YES;
				CLANG_WARN_OBJC_IMPLICIT_RETAIN_SELF = YES;
				CLANG_WARN_OBJC_LITERAL_CONVERSION = YES;
				CLANG_WARN_OBJC_ROOT_CLASS = YES_ERROR;
				CLANG_WARN_QUOTED_INCLUDE_IN_FRAMEWORK_HEADER = YES;
				CLANG_WARN_RANGE_LOOP_ANALYSIS = YES;
				CLANG_WARN_STRICT_PROTOTYPES = YES;
				CLANG_WARN_SUSPICIOUS_MOVE = YES;
				CLANG_WARN_UNGUARDED_AVAILABILITY = YES_AGGRESSIVE;
				CLANG_WARN_UNREACHABLE_CODE = YES;
				CLANG_WARN__DUPLICATE_METHOD_MATCH = YES;
				COPY_PHASE_STRIP = NO;
				DEBUG_INFORMATION_FORMAT = "dwarf-with-dsym";
				ENABLE_NS_ASSERTIONS = NO;
				ENABLE_STRICT_OBJC_MSGSEND = YES;
				ENABLE_USER_SCRIPT_SANDBOXING = NO;
				GCC_C_LANGUAGE_STANDARD = gnu17;
				GCC_NO_COMMON_BLOCKS = YES;
				GCC_WARN_64_TO_32_BIT_CONVERSION = YES;
				GCC_WARN_ABOUT_RETURN_TYPE = YES_ERROR;
				GCC_WARN_UNDECLARED_SELECTOR = YES;
				GCC_WARN_UNINITIALIZED_AUTOS = YES_AGGRESSIVE;
				GCC_WARN_UNUSED_FUNCTION = YES;
				GCC_WARN_UNUSED_VARIABLE = YES;
				IPHONEOS_DEPLOYMENT_TARGET = 17.4;
				LOCALIZATION_PREFERS_STRING_CATALOGS = YES;
				MTL_ENABLE_DEBUG_INFO = NO;
				MTL_FAST_MATH = YES;
				SDKROOT = iphoneos;
				SWIFT_COMPILATION_MODE = wholemodule;
				VALIDATE_PRODUCT = YES;
			};
			name = Release;
		};
		6CC3E5A12C942AC70059A043 /* Debug */ = {
			isa = XCBuildConfiguration;
			baseConfigurationReference = 0E3292E6E00CE193EB643105 /* Pods-Me Pones.debug.xcconfig */;
			buildSettings = {
				ASSETCATALOG_COMPILER_APPICON_NAME = AppIcon;
				ASSETCATALOG_COMPILER_GLOBAL_ACCENT_COLOR_NAME = AccentColor;
				CODE_SIGN_STYLE = Automatic;
				CURRENT_PROJECT_VERSION = 1;
				DEVELOPMENT_TEAM = 7TR28S879V;
				GENERATE_INFOPLIST_FILE = YES;
				INFOPLIST_FILE = "Me Pones/Info.plist";
				INFOPLIST_KEY_UIApplicationSupportsIndirectInputEvents = YES;
				INFOPLIST_KEY_UILaunchStoryboardName = LaunchScreen;
				INFOPLIST_KEY_UIMainStoryboardFile = Main;
				INFOPLIST_KEY_UISupportedInterfaceOrientations_iPad = "UIInterfaceOrientationPortrait UIInterfaceOrientationPortraitUpsideDown UIInterfaceOrientationLandscapeLeft UIInterfaceOrientationLandscapeRight";
				INFOPLIST_KEY_UISupportedInterfaceOrientations_iPhone = "UIInterfaceOrientationPortrait UIInterfaceOrientationLandscapeLeft UIInterfaceOrientationLandscapeRight";
				LD_RUNPATH_SEARCH_PATHS = (
					"$(inherited)",
					"@executable_path/Frameworks",
				);
				MARKETING_VERSION = 1.0;
				PRODUCT_BUNDLE_IDENTIFIER = "com.ignitecoders.Me-Pones";
				PRODUCT_NAME = "$(TARGET_NAME)";
				SUPPORTED_PLATFORMS = "iphoneos iphonesimulator";
				SUPPORTS_MACCATALYST = NO;
				SWIFT_EMIT_LOC_STRINGS = YES;
				SWIFT_VERSION = 5.0;
				TARGETED_DEVICE_FAMILY = "1,2";
			};
			name = Debug;
		};
		6CC3E5A22C942AC70059A043 /* Release */ = {
			isa = XCBuildConfiguration;
			baseConfigurationReference = C9BA2DB18A44D112D4B0A883 /* Pods-Me Pones.release.xcconfig */;
			buildSettings = {
				ASSETCATALOG_COMPILER_APPICON_NAME = AppIcon;
				ASSETCATALOG_COMPILER_GLOBAL_ACCENT_COLOR_NAME = AccentColor;
				CODE_SIGN_STYLE = Automatic;
				CURRENT_PROJECT_VERSION = 1;
				DEVELOPMENT_TEAM = 7TR28S879V;
				GENERATE_INFOPLIST_FILE = YES;
				INFOPLIST_FILE = "Me Pones/Info.plist";
				INFOPLIST_KEY_UIApplicationSupportsIndirectInputEvents = YES;
				INFOPLIST_KEY_UILaunchStoryboardName = LaunchScreen;
				INFOPLIST_KEY_UIMainStoryboardFile = Main;
				INFOPLIST_KEY_UISupportedInterfaceOrientations_iPad = "UIInterfaceOrientationPortrait UIInterfaceOrientationPortraitUpsideDown UIInterfaceOrientationLandscapeLeft UIInterfaceOrientationLandscapeRight";
				INFOPLIST_KEY_UISupportedInterfaceOrientations_iPhone = "UIInterfaceOrientationPortrait UIInterfaceOrientationLandscapeLeft UIInterfaceOrientationLandscapeRight";
				LD_RUNPATH_SEARCH_PATHS = (
					"$(inherited)",
					"@executable_path/Frameworks",
				);
				MARKETING_VERSION = 1.0;
				PRODUCT_BUNDLE_IDENTIFIER = "com.ignitecoders.Me-Pones";
				PRODUCT_NAME = "$(TARGET_NAME)";
				SUPPORTED_PLATFORMS = "iphoneos iphonesimulator";
				SUPPORTS_MACCATALYST = NO;
				SWIFT_EMIT_LOC_STRINGS = YES;
				SWIFT_VERSION = 5.0;
				TARGETED_DEVICE_FAMILY = "1,2";
			};
			name = Release;
		};
/* End XCBuildConfiguration section */

/* Begin XCConfigurationList section */
		6CC3E5872C942AC60059A043 /* Build configuration list for PBXProject "Me Pones" */ = {
			isa = XCConfigurationList;
			buildConfigurations = (
				6CC3E59E2C942AC70059A043 /* Debug */,
				6CC3E59F2C942AC70059A043 /* Release */,
			);
			defaultConfigurationIsVisible = 0;
			defaultConfigurationName = Release;
		};
		6CC3E5A02C942AC70059A043 /* Build configuration list for PBXNativeTarget "Me Pones" */ = {
			isa = XCConfigurationList;
			buildConfigurations = (
				6CC3E5A12C942AC70059A043 /* Debug */,
				6CC3E5A22C942AC70059A043 /* Release */,
			);
			defaultConfigurationIsVisible = 0;
			defaultConfigurationName = Release;
		};
/* End XCConfigurationList section */
	};
	rootObject = 6CC3E5842C942AC60059A043 /* Project object */;
}
